
Microsoft Visual Studio Solution File, Format Version 12.00
# Visual Studio Version 17
VisualStudioVersion = 17.6.33815.320
MinimumVisualStudioVersion = 10.0.40219.1
Project("{FAE04EC0-301F-11D3-BF4B-00C04F79EFBC}") = "EmployeeService", "EmployeeService\EmployeeService.csproj", "{46421B67-9342-4F75-BC6A-793A79E33277}"
EndProject
Global
	GlobalSection(SolutionConfigurationPlatforms) = preSolution
		Debug|Any CPU = Debug|Any CPU
		Release|Any CPU = Release|Any CPU
	EndGlobalSection
	GlobalSection(ProjectConfigurationPlatforms) = postSolution
		{46421B67-9342-4F75-BC6A-793A79E33277}.Debug|Any CPU.ActiveCfg = Debug|Any CPU
		{46421B67-9342-4F75-BC6A-793A79E33277}.Debug|Any CPU.Build.0 = Debug|Any CPU
		{46421B67-9342-4F75-BC6A-793A79E33277}.Release|Any CPU.ActiveCfg = Release|Any CPU
		{46421B67-9342-4F75-BC6A-793A79E33277}.Release|Any CPU.Build.0 = Release|Any CPU
	EndGlobalSection
	GlobalSection(SolutionProperties) = preSolution
		HideSolutionNode = FALSE
	EndGlobalSection
	GlobalSection(ExtensibilityGlobals) = postSolution
		SolutionGuid = {0B6AF201-9507-43B9-AABA-526E381171B5}
	EndGlobalSection
EndGlobal
